// !$*UTF8*$!
{
	archiveVersion = 1;
	classes = {
	};
	objectVersion = 50;
	objects = {

/* Begin PBXBuildFile section */
		140B08792456E7890042BDDD /* AppDelegate.swift in Sources */ = {isa = PBXBuildFile; fileRef = 140B08782456E7890042BDDD /* AppDelegate.swift */; };
		140B087B2456E7890042BDDD /* SceneDelegate.swift in Sources */ = {isa = PBXBuildFile; fileRef = 140B087A2456E7890042BDDD /* SceneDelegate.swift */; };
		140B087D2456E7890042BDDD /* ViewController.swift in Sources */ = {isa = PBXBuildFile; fileRef = 140B087C2456E7890042BDDD /* ViewController.swift */; };
		140B08802456E7890042BDDD /* Main.storyboard in Resources */ = {isa = PBXBuildFile; fileRef = 140B087E2456E7890042BDDD /* Main.storyboard */; };
		140B08822456E78D0042BDDD /* Assets.xcassets in Resources */ = {isa = PBXBuildFile; fileRef = 140B08812456E78D0042BDDD /* Assets.xcassets */; };
		140B08852456E78D0042BDDD /* LaunchScreen.storyboard in Resources */ = {isa = PBXBuildFile; fileRef = 140B08832456E78D0042BDDD /* LaunchScreen.storyboard */; };
/* End PBXBuildFile section */

/* Begin PBXFileReference section */
		140B08752456E7890042BDDD /* PHContentEditingInputTest.app */ = {isa = PBXFileReference; explicitFileType = wrapper.application; includeInIndex = 0; path = PHContentEditingInputTest.app; sourceTree = BUILT_PRODUCTS_DIR; };
		140B08782456E7890042BDDD /* AppDelegate.swift */ = {isa = PBXFileReference; lastKnownFileType = sourcecode.swift; path = AppDelegate.swift; sourceTree = "<group>"; };
		140B087A2456E7890042BDDD /* SceneDelegate.swift */ = {isa = PBXFileReference; lastKnownFileType = sourcecode.swift; path = SceneDelegate.swift; sourceTree = "<group>"; };
		140B087C2456E7890042BDDD /* ViewController.swift */ = {isa = PBXFileReference; lastKnownFileType = sourcecode.swift; path = ViewController.swift; sourceTree = "<group>"; };
		140B087F2456E7890042BDDD /* Base */ = {isa = PBXFileReference; lastKnownFileType = file.storyboard; name = Base; path = Base.lproj/Main.storyboard; sourceTree = "<group>"; };
		140B08812456E78D0042BDDD /* Assets.xcassets */ = {isa = PBXFileReference; lastKnownFileType = folder.assetcatalog; path = Assets.xcassets; sourceTree = "<group>"; };
		140B08842456E78D0042BDDD /* Base */ = {isa = PBXFileReference; lastKnownFileType = file.storyboard; name = Base; path = Base.lproj/LaunchScreen.storyboard; sourceTree = "<group>"; };
		140B08862456E78D0042BDDD /* Info.plist */ = {isa = PBXFileReference; lastKnownFileType = text.plist.xml; path = Info.plist; sourceTree = "<group>"; };
/* End PBXFileReference section */

/* Begin PBXFrameworksBuildPhase section */
		140B08722456E7890042BDDD /* Frameworks */ = {
			isa = PBXFrameworksBuildPhase;
			buildActionMask = 2147483647;
			files = (
			);
			runOnlyForDeploymentPostprocessing = 0;
		};
/* End PBXFrameworksBuildPhase section */

/* Begin PBXGroup section */
		140B086C2456E7890042BDDD = {
			isa = PBXGroup;
			children = (
				140B08772456E7890042BDDD /* PHContentEditingInputTest */,
				140B08762456E7890042BDDD /* Products */,
			);
			sourceTree = "<group>";
		};
		140B08762456E7890042BDDD /* Products */ = {
			isa = PBXGroup;
			children = (
				140B08752456E7890042BDDD /* PHContentEditingInputTest.app */,
			);
			name = Products;
			sourceTree = "<group>";
		};
		140B08772456E7890042BDDD /* PHContentEditingInputTest */ = {
			isa = PBXGroup;
			children = (
				140B08782456E7890042BDDD /* AppDelegate.swift */,
				140B087A2456E7890042BDDD /* SceneDelegate.swift */,
				140B087C2456E7890042BDDD /* ViewController.swift */,
				140B087E2456E7890042BDDD /* Main.storyboard */,
				140B08812456E78D0042BDDD /* Assets.xcassets */,
				140B08832456E78D0042BDDD /* LaunchScreen.storyboard */,
				140B08862456E78D0042BDDD /* Info.plist */,
			);
			path = PHContentEditingInputTest;
			sourceTree = "<group>";
		};
/* End PBXGroup section */

/* Begin PBXNativeTarget section */
		140B08742456E7890042BDDD /* PHContentEditingInputTest */ = {
			isa = PBXNativeTarget;
			buildConfigurationList = 140B08892456E78D0042BDDD /* Build configuration list for PBXNativeTarget "PHContentEditingInputTest" */;
			buildPhases = (
				140B08712456E7890042BDDD /* Sources */,
				140B08722456E7890042BDDD /* Frameworks */,
				140B08732456E7890042BDDD /* Resources */,
			);
			buildRules = (
			);
			dependencies = (
			);
			name = PHContentEditingInputTest;
			productName = PHContentEditingInputTest;
			productReference = 140B08752456E7890042BDDD /* PHContentEditingInputTest.app */;
			productType = "com.apple.product-type.application";
		};
/* End PBXNativeTarget section */

/* Begin PBXProject section */
		140B086D2456E7890042BDDD /* Project object */ = {
			isa = PBXProject;
			attributes = {
				LastSwiftUpdateCheck = 1140;
				LastUpgradeCheck = 1140;
				ORGANIZATIONNAME = Zedd;
				TargetAttributes = {
					140B08742456E7890042BDDD = {
						CreatedOnToolsVersion = 11.4.1;
					};
				};
			};
			buildConfigurationList = 140B08702456E7890042BDDD /* Build configuration list for PBXProject "PHContentEditingInputTest" */;
			compatibilityVersion = "Xcode 9.3";
			developmentRegion = en;
			hasScannedForEncodings = 0;
			knownRegions = (
				en,
				Base,
			);
			mainGroup = 140B086C2456E7890042BDDD;
			productRefGroup = 140B08762456E7890042BDDD /* Products */;
			projectDirPath = "";
			projectRoot = "";
			targets = (
				140B08742456E7890042BDDD /* PHContentEditingInputTest */,
			);
		};
/* End PBXProject section */

/* Begin PBXResourcesBuildPhase section */
		140B08732456E7890042BDDD /* Resources */ = {
			isa = PBXResourcesBuildPhase;
			buildActionMask = 2147483647;
			files = (
				140B08852456E78D0042BDDD /* LaunchScreen.storyboard in Resources */,
				140B08822456E78D0042BDDD /* Assets.xcassets in Resources */,
				140B08802456E7890042BDDD /* Main.storyboard in Resources */,
			);
			runOnlyForDeploymentPostprocessing = 0;
		};
/* End PBXResourcesBuildPhase section */

/* Begin PBXSourcesBuildPhase section */
		140B08712456E7890042BDDD /* Sources */ = {
			isa = PBXSourcesBuildPhase;
			buildActionMask = 2147483647;
			files = (
				140B087D2456E7890042BDDD /* ViewController.swift in Sources */,
				140B08792456E7890042BDDD /* AppDelegate.swift in Sources */,
				140B087B2456E7890042BDDD /* SceneDelegate.swift in Sources */,
			);
			runOnlyForDeploymentPostprocessing = 0;
		};
/* End PBXSourcesBuildPhase section */

/* Begin PBXVariantGroup section */
		140B087E2456E7890042BDDD /* Main.storyboard */ = {
			isa = PBXVariantGroup;
			children = (
				140B087F2456E7890042BDDD /* Base */,
			);
			name = Main.storyboard;
			sourceTree = "<group>";
		};
		140B08832456E78D0042BDDD /* LaunchScreen.storyboard */ = {
			isa = PBXVariantGroup;
			children = (
				140B08842456E78D0042BDDD /* Base */,
			);
			name = LaunchScreen.storyboard;
			sourceTree = "<group>";
		};
/* End PBXVariantGroup section */

/* Begin XCBuildConfiguration section */
		140B08872456E78D0042BDDD /* Debug */ = {
			isa = XCBuildConfiguration;
			buildSettings = {
				ALWAYS_SEARCH_USER_PATHS = NO;
				CLANG_ANALYZER_NONNULL = YES;
				CLANG_ANALYZER_NUMBER_OBJECT_CONVERSION = YES_AGGRESSIVE;
				CLANG_CXX_LANGUAGE_STANDARD = "gnu++14";
				CLANG_CXX_LIBRARY = "libc++";
				CLANG_ENABLE_MODULES = YES;
				CLANG_ENABLE_OBJC_ARC = YES;
				CLANG_ENABLE_OBJC_WEAK = YES;
				CLANG_WARN_BLOCK_CAPTURE_AUTORELEASING = YES;
				CLANG_WARN_BOOL_CONVERSION = YES;
				CLANG_WARN_COMMA = YES;
				CLANG_WARN_CONSTANT_CONVERSION = YES;
				CLANG_WARN_DEPRECATED_OBJC_IMPLEMENTATIONS = YES;
				CLANG_WARN_DIRECT_OBJC_ISA_USAGE = YES_ERROR;
				CLANG_WARN_DOCUMENTATION_COMMENTS = YES;
				CLANG_WARN_EMPTY_BODY = YES;
				CLANG_WARN_ENUM_CONVERSION = YES;
				CLANG_WARN_INFINITE_RECURSION = YES;
				CLANG_WARN_INT_CONVERSION = YES;
				CLANG_WARN_NON_LITERAL_NULL_CONVERSION = YES;
				CLANG_WARN_OBJC_IMPLICIT_RETAIN_SELF = YES;
				CLANG_WARN_OBJC_LITERAL_CONVERSION = YES;
				CLANG_WARN_OBJC_ROOT_CLASS = YES_ERROR;
				CLANG_WARN_RANGE_LOOP_ANALYSIS = YES;
				CLANG_WARN_STRICT_PROTOTYPES = YES;
				CLANG_WARN_SUSPICIOUS_MOVE = YES;
				CLANG_WARN_UNGUARDED_AVAILABILITY = YES_AGGRESSIVE;
				CLANG_WARN_UNREACHABLE_CODE = YES;
				CLANG_WARN__DUPLICATE_METHOD_MATCH = YES;
				COPY_PHASE_STRIP = NO;
				DEBUG_INFORMATION_FORMAT = dwarf;
				ENABLE_STRICT_OBJC_MSGSEND = YES;
				ENABLE_TESTABILITY = YES;
				GCC_C_LANGUAGE_STANDARD = gnu11;
				GCC_DYNAMIC_NO_PIC = NO;
				GCC_NO_COMMON_BLOCKS = YES;
				GCC_OPTIMIZATION_LEVEL = 0;
				GCC_PREPROCESSOR_DEFINITIONS = (
					"DEBUG=1",
					"$(inherited)",
				);
				GCC_WARN_64_TO_32_BIT_CONVERSION = YES;
				GCC_WARN_ABOUT_RETURN_TYPE = YES_ERROR;
				GCC_WARN_UNDECLARED_SELECTOR = YES;
				GCC_WARN_UNINITIALIZED_AUTOS = YES_AGGRESSIVE;
				GCC_WARN_UNUSED_FUNCTION = YES;
				GCC_WARN_UNUSED_VARIABLE = YES;
				IPHONEOS_DEPLOYMENT_TARGET = 13.4;
				MTL_ENABLE_DEBUG_INFO = INCLUDE_SOURCE;
				MTL_FAST_MATH = YES;
				ONLY_ACTIVE_ARCH = YES;
				SDKROOT = iphoneos;
				SWIFT_ACTIVE_COMPILATION_CONDITIONS = DEBUG;
				SWIFT_OPTIMIZATION_LEVEL = "-Onone";
			};
			name = Debug;
		};
		140B08882456E78D0042BDDD /* Release */ = {
			isa = XCBuildConfiguration;
			buildSettings = {
				ALWAYS_SEARCH_USER_PATHS = NO;
				CLANG_ANALYZER_NONNULL = YES;
				CLANG_ANALYZER_NUMBER_OBJECT_CONVERSION = YES_AGGRESSIVE;
				CLANG_CXX_LANGUAGE_STANDARD = "gnu++14";
				CLANG_CXX_LIBRARY = "libc++";
				CLANG_ENABLE_MODULES = YES;
				CLANG_ENABLE_OBJC_ARC = YES;
				CLANG_ENABLE_OBJC_WEAK = YES;
				CLANG_WARN_BLOCK_CAPTURE_AUTORELEASING = YES;
				CLANG_WARN_BOOL_CONVERSION = YES;
				CLANG_WARN_COMMA = YES;
				CLANG_WARN_CONSTANT_CONVERSION = YES;
				CLANG_WARN_DEPRECATED_OBJC_IMPLEMENTATIONS = YES;
				CLANG_WARN_DIRECT_OBJC_ISA_USAGE = YES_ERROR;
				CLANG_WARN_DOCUMENTATION_COMMENTS = YES;
				CLANG_WARN_EMPTY_BODY = YES;
				CLANG_WARN_ENUM_CONVERSION = YES;
				CLANG_WARN_INFINITE_RECURSION = YES;
				CLANG_WARN_INT_CONVERSION = YES;
				CLANG_WARN_NON_LITERAL_NULL_CONVERSION = YES;
				CLANG_WARN_OBJC_IMPLICIT_RETAIN_SELF = YES;
				CLANG_WARN_OBJC_LITERAL_CONVERSION = YES;
				CLANG_WARN_OBJC_ROOT_CLASS = YES_ERROR;
				CLANG_WARN_RANGE_LOOP_ANALYSIS = YES;
				CLANG_WARN_STRICT_PROTOTYPES = YES;
				CLANG_WARN_SUSPICIOUS_MOVE = YES;
				CLANG_WARN_UNGUARDED_AVAILABILITY = YES_AGGRESSIVE;
				CLANG_WARN_UNREACHABLE_CODE = YES;
				CLANG_WARN__DUPLICATE_METHOD_MATCH = YES;
				COPY_PHASE_STRIP = NO;
				DEBUG_INFORMATION_FORMAT = "dwarf-with-dsym";
				ENABLE_NS_ASSERTIONS = NO;
				ENABLE_STRICT_OBJC_MSGSEND = YES;
				GCC_C_LANGUAGE_STANDARD = gnu11;
				GCC_NO_COMMON_BLOCKS = YES;
				GCC_WARN_64_TO_32_BIT_CONVERSION = YES;
				GCC_WARN_ABOUT_RETURN_TYPE = YES_ERROR;
				GCC_WARN_UNDECLARED_SELECTOR = YES;
				GCC_WARN_UNINITIALIZED_AUTOS = YES_AGGRESSIVE;
				GCC_WARN_UNUSED_FUNCTION = YES;
				GCC_WARN_UNUSED_VARIABLE = YES;
				IPHONEOS_DEPLOYMENT_TARGET = 13.4;
				MTL_ENABLE_DEBUG_INFO = NO;
				MTL_FAST_MATH = YES;
				SDKROOT = iphoneos;
				SWIFT_COMPILATION_MODE = wholemodule;
				SWIFT_OPTIMIZATION_LEVEL = "-O";
				VALIDATE_PRODUCT = YES;
			};
			name = Release;
		};
		140B088A2456E78D0042BDDD /* Debug */ = {
			isa = XCBuildConfiguration;
			buildSettings = {
				ASSETCATALOG_COMPILER_APPICON_NAME = AppIcon;
				CODE_SIGN_STYLE = Automatic;
				DEVELOPMENT_TEAM = 9BD2FZATPN;
				INFOPLIST_FILE = PHContentEditingInputTest/Info.plist;
				LD_RUNPATH_SEARCH_PATHS = (
					"$(inherited)",
					"@executable_path/Frameworks",
				);
				PRODUCT_BUNDLE_IDENTIFIER = Zedd.PHContentEditingInputTest;
				PRODUCT_NAME = "$(TARGET_NAME)";
				SWIFT_VERSION = 5.0;
				TARGETED_DEVICE_FAMILY = "1,2";
			};
			name = Debug;
		};
		140B088B2456E78D0042BDDD /* Release */ = {
			isa = XCBuildConfiguration;
			buildSettings = {
				ASSETCATALOG_COMPILER_APPICON_NAME = AppIcon;
				CODE_SIGN_STYLE = Automatic;
				DEVELOPMENT_TEAM = 9BD2FZATPN;
				INFOPLIST_FILE = PHContentEditingInputTest/Info.plist;
				LD_RUNPATH_SEARCH_PATHS = (
					"$(inherited)",
					"@executable_path/Frameworks",
				);
				PRODUCT_BUNDLE_IDENTIFIER = Zedd.PHContentEditingInputTest;
				PRODUCT_NAME = "$(TARGET_NAME)";
				SWIFT_VERSION = 5.0;
				TARGETED_DEVICE_FAMILY = "1,2";
			};
			name = Release;
		};
/* End XCBuildConfiguration section */

/* Begin XCConfigurationList section */
		140B08702456E7890042BDDD /* Build configuration list for PBXProject "PHContentEditingInputTest" */ = {
			isa = XCConfigurationList;
			buildConfigurations = (
				140B08872456E78D0042BDDD /* Debug */,
				140B08882456E78D0042BDDD /* Release */,
			);
			defaultConfigurationIsVisible = 0;
			defaultConfigurationName = Release;
		};
		140B08892456E78D0042BDDD /* Build configuration list for PBXNativeTarget "PHContentEditingInputTest" */ = {
			isa = XCConfigurationList;
			buildConfigurations = (
				140B088A2456E78D0042BDDD /* Debug */,
				140B088B2456E78D0042BDDD /* Release */,
			);
			defaultConfigurationIsVisible = 0;
			defaultConfigurationName = Release;
		};
/* End XCConfigurationList section */
	};
	rootObject = 140B086D2456E7890042BDDD /* Project object */;
}
